<?xml version="1.0" encoding="utf-8"?>
<Project ToolsVersion="4.0" xmlns="http://schemas.microsoft.com/developer/msbuild/2003">
  <ItemGroup>
    <ClCompile Include="main.cpp" />
    <ClCompile Include="GameEngine.cpp">
      <Filter>core</Filter>
    </ClCompile>
    <ClCompile Include="GameScene.cpp">
      <Filter>core</Filter>
    </ClCompile>
    <ClCompile Include="MainScene.cpp" />
    <ClCompile Include="InputReceiver.cpp">
      <Filter>core</Filter>
    </ClCompile>
    <ClCompile Include="Bullet.cpp" />
  </ItemGroup>
  <ItemGroup>
    <ClInclude Include="GameEngine.h">
      <Filter>Header Files</Filter>
    </ClInclude>
    <ClInclude Include="GameScene.h">
      <Filter>Header Files</Filter>
    </ClInclude>
    <ClInclude Include="MainScene.h">
      <Filter>Header Files</Filter>
    </ClInclude>
    <ClInclude Include="InputReceiver.h">
      <Filter>Header Files</Filter>
    </ClInclude>
    <ClInclude Include="Bullet.h" />
  </ItemGroup>
  <ItemGroup>
    <Filter Include="Header Files">
      <UniqueIdentifier>{cd88c6eb-906e-4ed5-968c-a4c81aa19df1}</UniqueIdentifier>
    </Filter>
    <Filter Include="core">
      <UniqueIdentifier>{fa5adca0-6b05-484a-8df1-0999482d120a}</UniqueIdentifier>
    </Filter>
  </ItemGroup>
</Project>