<?xml version="1.0" encoding="utf-8"?>
<Project ToolsVersion="4.0" xmlns="http://schemas.microsoft.com/developer/msbuild/2003">
  <ItemGroup>
    <ClCompile Include="main.cpp" />
    <ClCompile Include="MainScene.cpp" />
    <ClCompile Include="InputReceiver.cpp">
      <Filter>EffEngine</Filter>
    </ClCompile>
    <ClCompile Include="Enemy.cpp" />
    <ClCompile Include="Bullet.cpp" />
    <ClCompile Include="EffEngine.cpp">
      <Filter>EffEngine</Filter>
    </ClCompile>
    <ClCompile Include="EffScene.cpp">
      <Filter>EffEngine</Filter>
    </ClCompile>
    <ClCompile Include="EffActor.cpp">
      <Filter>EffEngine</Filter>
    </ClCompile>
    <ClCompile Include="Robot.cpp" />
    <ClCompile Include="Gun.cpp" />
    <ClCompile Include="EffTimer.cpp">
      <Filter>EffEngine</Filter>
    </ClCompile>
    <ClCompile Include="EffRepeatable.cpp">
      <Filter>EffEngine</Filter>
    </ClCompile>
    <ClCompile Include="StartScene.cpp" />
    <ClCompile Include="InstructionsScene.cpp" />
    <ClCompile Include="WaveSystem.cpp" />
    <ClCompile Include="Wave.cpp" />
    <ClCompile Include="SpawnPoint.cpp" />
    <ClCompile Include="GuiAnimation.cpp" />
    <ClCompile Include="EvilEnemy.cpp" />
    <ClCompile Include="PurpleEnemy.cpp" />
    <ClCompile Include="EndScene.cpp" />
    <ClCompile Include="FadeOutActor.cpp" />
  </ItemGroup>
  <ItemGroup>
    <ClInclude Include="MainScene.h">
      <Filter>Header Files</Filter>
    </ClInclude>
    <ClInclude Include="Enemy.h">
      <Filter>Header Files</Filter>
    </ClInclude>
    <ClInclude Include="Bullet.h">
      <Filter>Header Files</Filter>
    </ClInclude>
    <ClInclude Include="EffEngine.h">
      <Filter>EffEngine\Header Files</Filter>
    </ClInclude>
    <ClInclude Include="EffScene.h">
      <Filter>EffEngine\Header Files</Filter>
    </ClInclude>
    <ClInclude Include="InputReceiver.h">
      <Filter>EffEngine\Header Files</Filter>
    </ClInclude>
    <ClInclude Include="EffActor.h">
      <Filter>EffEngine\Header Files</Filter>
    </ClInclude>
    <ClInclude Include="Robot.h">
      <Filter>Header Files</Filter>
    </ClInclude>
    <ClInclude Include="Gun.h">
      <Filter>Header Files</Filter>
    </ClInclude>
    <ClInclude Include="EffTimer.h">
      <Filter>EffEngine\Header Files</Filter>
    </ClInclude>
    <ClInclude Include="EffRepeatable.h">
      <Filter>EffEngine\Header Files</Filter>
    </ClInclude>
    <ClInclude Include="StartScene.h">
      <Filter>Header Files</Filter>
    </ClInclude>
    <ClInclude Include="InstructionsScene.h">
      <Filter>Header Files</Filter>
    </ClInclude>
    <ClInclude Include="Wave.h">
      <Filter>Header Files</Filter>
    </ClInclude>
    <ClInclude Include="WaveSystem.h">
      <Filter>Header Files</Filter>
    </ClInclude>
    <ClInclude Include="SpawnPoint.h">
      <Filter>Header Files</Filter>
    </ClInclude>
    <ClInclude Include="GuiAnimation.h">
      <Filter>Header Files</Filter>
    </ClInclude>
    <ClInclude Include="EndScene.h">
      <Filter>Header Files</Filter>
    </ClInclude>
    <ClInclude Include="EvilEnemy.h">
      <Filter>Header Files</Filter>
    </ClInclude>
    <ClInclude Include="PurpleEnemy.h">
      <Filter>Header Files</Filter>
    </ClInclude>
    <ClInclude Include="FadeOutActor.h" />
  </ItemGroup>
  <ItemGroup>
    <Filter Include="Header Files">
      <UniqueIdentifier>{cd88c6eb-906e-4ed5-968c-a4c81aa19df1}</UniqueIdentifier>
    </Filter>
    <Filter Include="EffEngine">
      <UniqueIdentifier>{fa5adca0-6b05-484a-8df1-0999482d120a}</UniqueIdentifier>
    </Filter>
    <Filter Include="EffEngine\Header Files">
      <UniqueIdentifier>{d53e5158-9c93-4cae-aa48-72f649b7ef59}</UniqueIdentifier>
    </Filter>
  </ItemGroup>
</Project>